// !$*UTF8*$!
{
	archiveVersion = 1;
	classes = {
	};
	objectVersion = 77;
	objects = {

/* Begin PBXContainerItemProxy section */
		43E4AF0C2D39AC7B00DA1C5C /* PBXContainerItemProxy */ = {
			isa = PBXContainerItemProxy;
			containerPortal = 43E4AEF32D39AC7900DA1C5C /* Project object */;
			proxyType = 1;
			remoteGlobalIDString = 43E4AEFA2D39AC7900DA1C5C;
			remoteInfo = SwiftVerifierExample;
		};
		43E4AF162D39AC7B00DA1C5C /* PBXContainerItemProxy */ = {
			isa = PBXContainerItemProxy;
			containerPortal = 43E4AEF32D39AC7900DA1C5C /* Project object */;
			proxyType = 1;
			remoteGlobalIDString = 43E4AEFA2D39AC7900DA1C5C;
			remoteInfo = SwiftVerifierExample;
		};
/* End PBXContainerItemProxy section */

/* Begin PBXFileReference section */
		43E4AEFB2D39AC7900DA1C5C /* SwiftVerifierExample.app */ = {isa = PBXFileReference; explicitFileType = wrapper.application; includeInIndex = 0; path = SwiftVerifierExample.app; sourceTree = BUILT_PRODUCTS_DIR; };
		43E4AF0B2D39AC7B00DA1C5C /* SwiftVerifierExampleTests.xctest */ = {isa = PBXFileReference; explicitFileType = wrapper.cfbundle; includeInIndex = 0; name = SwiftVerifierExampleTests.xctest; path = "/Users/nate/Projects/tinfoil/verifier-swift-example/build/Debug-iphoneos/SwiftVerifierExample.app/PlugIns/SwiftVerifierExampleTests.xctest"; sourceTree = "<absolute>"; };
		43E4AF152D39AC7B00DA1C5C /* SwiftVerifierExampleUITests.xctest */ = {isa = PBXFileReference; explicitFileType = wrapper.cfbundle; includeInIndex = 0; name = SwiftVerifierExampleUITests.xctest; path = "/Users/nate/Projects/tinfoil/verifier-swift-example/build/Debug-iphoneos/SwiftVerifierExampleUITests-Runner.app/PlugIns/SwiftVerifierExampleUITests.xctest"; sourceTree = "<absolute>"; };
/* End PBXFileReference section */

/* Begin PBXFileSystemSynchronizedBuildFileExceptionSet section */
		43390F472D39CF7C004D7E37 /* Exceptions for "SwiftVerifierExample" folder in "SwiftVerifierExample" target */ = {
			isa = PBXFileSystemSynchronizedBuildFileExceptionSet;
			membershipExceptions = (
				Info.plist,
			);
			target = 43E4AEFA2D39AC7900DA1C5C /* SwiftVerifierExample */;
		};
/* End PBXFileSystemSynchronizedBuildFileExceptionSet section */

/* Begin PBXFileSystemSynchronizedRootGroup section */
		43E4AEFD2D39AC7900DA1C5C /* SwiftVerifierExample */ = {
			isa = PBXFileSystemSynchronizedRootGroup;
			exceptions = (
				43390F472D39CF7C004D7E37 /* Exceptions for "SwiftVerifierExample" folder in "SwiftVerifierExample" target */,
			);
			path = SwiftVerifierExample;
			sourceTree = "<group>";
		};
/* End PBXFileSystemSynchronizedRootGroup section */

/* Begin PBXFrameworksBuildPhase section */
		43E4AEF82D39AC7900DA1C5C /* Frameworks */ = {
			isa = PBXFrameworksBuildPhase;
			buildActionMask = 2147483647;
			files = (
			);
			runOnlyForDeploymentPostprocessing = 0;
		};
		43E4AF082D39AC7B00DA1C5C /* Frameworks */ = {
			isa = PBXFrameworksBuildPhase;
			buildActionMask = 2147483647;
			files = (
			);
			runOnlyForDeploymentPostprocessing = 0;
		};
		43E4AF122D39AC7B00DA1C5C /* Frameworks */ = {
			isa = PBXFrameworksBuildPhase;
			buildActionMask = 2147483647;
			files = (
			);
			runOnlyForDeploymentPostprocessing = 0;
		};
/* End PBXFrameworksBuildPhase section */

/* Begin PBXGroup section */
		43E4AEF22D39AC7900DA1C5C = {
			isa = PBXGroup;
			children = (
				43E4AEFD2D39AC7900DA1C5C /* SwiftVerifierExample */,
				43E4AEFC2D39AC7900DA1C5C /* Products */,
			);
			sourceTree = "<group>";
		};
		43E4AEFC2D39AC7900DA1C5C /* Products */ = {
			isa = PBXGroup;
			children = (
				43E4AEFB2D39AC7900DA1C5C /* SwiftVerifierExample.app */,
			);
			name = Products;
			sourceTree = "<group>";
		};
/* End PBXGroup section */

/* Begin PBXNativeTarget section */
		43E4AEFA2D39AC7900DA1C5C /* SwiftVerifierExample */ = {
			isa = PBXNativeTarget;
			buildConfigurationList = 43E4AF1F2D39AC7B00DA1C5C /* Build configuration list for PBXNativeTarget "SwiftVerifierExample" */;
			buildPhases = (
				43E4AEF72D39AC7900DA1C5C /* Sources */,
				43E4AEF82D39AC7900DA1C5C /* Frameworks */,
				43E4AEF92D39AC7900DA1C5C /* Resources */,
			);
			buildRules = (
			);
			dependencies = (
			);
			fileSystemSynchronizedGroups = (
				43E4AEFD2D39AC7900DA1C5C /* SwiftVerifierExample */,
			);
			name = SwiftVerifierExample;
			packageProductDependencies = (
			);
			productName = SwiftVerifierExample;
			productReference = 43E4AEFB2D39AC7900DA1C5C /* SwiftVerifierExample.app */;
			productType = "com.apple.product-type.application";
		};
		43E4AF0A2D39AC7B00DA1C5C /* SwiftVerifierExampleTests */ = {
			isa = PBXNativeTarget;
			buildConfigurationList = 43E4AF222D39AC7B00DA1C5C /* Build configuration list for PBXNativeTarget "SwiftVerifierExampleTests" */;
			buildPhases = (
				43E4AF072D39AC7B00DA1C5C /* Sources */,
				43E4AF082D39AC7B00DA1C5C /* Frameworks */,
				43E4AF092D39AC7B00DA1C5C /* Resources */,
			);
			buildRules = (
			);
			dependencies = (
				43E4AF0D2D39AC7B00DA1C5C /* PBXTargetDependency */,
			);
			name = SwiftVerifierExampleTests;
			packageProductDependencies = (
			);
			productName = SwiftVerifierExampleTests;
			productReference = 43E4AF0B2D39AC7B00DA1C5C /* SwiftVerifierExampleTests.xctest */;
			productType = "com.apple.product-type.bundle.unit-test";
		};
		43E4AF142D39AC7B00DA1C5C /* SwiftVerifierExampleUITests */ = {
			isa = PBXNativeTarget;
			buildConfigurationList = 43E4AF252D39AC7B00DA1C5C /* Build configuration list for PBXNativeTarget "SwiftVerifierExampleUITests" */;
			buildPhases = (
				43E4AF112D39AC7B00DA1C5C /* Sources */,
				43E4AF122D39AC7B00DA1C5C /* Frameworks */,
				43E4AF132D39AC7B00DA1C5C /* Resources */,
			);
			buildRules = (
			);
			dependencies = (
				43E4AF172D39AC7B00DA1C5C /* PBXTargetDependency */,
			);
			name = SwiftVerifierExampleUITests;
			packageProductDependencies = (
			);
			productName = SwiftVerifierExampleUITests;
			productReference = 43E4AF152D39AC7B00DA1C5C /* SwiftVerifierExampleUITests.xctest */;
			productType = "com.apple.product-type.bundle.ui-testing";
		};
/* End PBXNativeTarget section */

/* Begin PBXProject section */
		43E4AEF32D39AC7900DA1C5C /* Project object */ = {
			isa = PBXProject;
			attributes = {
				BuildIndependentTargetsInParallel = 1;
				LastSwiftUpdateCheck = 1620;
				LastUpgradeCheck = 1620;
				TargetAttributes = {
					43E4AEFA2D39AC7900DA1C5C = {
						CreatedOnToolsVersion = 16.2;
					};
					43E4AF0A2D39AC7B00DA1C5C = {
						CreatedOnToolsVersion = 16.2;
						TestTargetID = 43E4AEFA2D39AC7900DA1C5C;
					};
					43E4AF142D39AC7B00DA1C5C = {
						CreatedOnToolsVersion = 16.2;
						TestTargetID = 43E4AEFA2D39AC7900DA1C5C;
					};
				};
			};
			buildConfigurationList = 43E4AEF62D39AC7900DA1C5C /* Build configuration list for PBXProject "SwiftVerifierExample" */;
			developmentRegion = en;
			hasScannedForEncodings = 0;
			knownRegions = (
				en,
				Base,
			);
			mainGroup = 43E4AEF22D39AC7900DA1C5C;
			minimizedProjectReferenceProxies = 1;
			preferredProjectObjectVersion = 77;
			productRefGroup = 43E4AEFC2D39AC7900DA1C5C /* Products */;
			projectDirPath = "";
			projectRoot = "";
			targets = (
				43E4AEFA2D39AC7900DA1C5C /* SwiftVerifierExample */,
				43E4AF0A2D39AC7B00DA1C5C /* SwiftVerifierExampleTests */,
				43E4AF142D39AC7B00DA1C5C /* SwiftVerifierExampleUITests */,
			);
		};
/* End PBXProject section */

/* Begin PBXResourcesBuildPhase section */
		43E4AEF92D39AC7900DA1C5C /* Resources */ = {
			isa = PBXResourcesBuildPhase;
			buildActionMask = 2147483647;
			files = (
			);
			runOnlyForDeploymentPostprocessing = 0;
		};
		43E4AF092D39AC7B00DA1C5C /* Resources */ = {
			isa = PBXResourcesBuildPhase;
			buildActionMask = 2147483647;
			files = (
			);
			runOnlyForDeploymentPostprocessing = 0;
		};
		43E4AF132D39AC7B00DA1C5C /* Resources */ = {
			isa = PBXResourcesBuildPhase;
			buildActionMask = 2147483647;
			files = (
			);
			runOnlyForDeploymentPostprocessing = 0;
		};
/* End PBXResourcesBuildPhase section */

/* Begin PBXSourcesBuildPhase section */
		43E4AEF72D39AC7900DA1C5C /* Sources */ = {
			isa = PBXSourcesBuildPhase;
			buildActionMask = 2147483647;
			files = (
			);
			runOnlyForDeploymentPostprocessing = 0;
		};
		43E4AF072D39AC7B00DA1C5C /* Sources */ = {
			isa = PBXSourcesBuildPhase;
			buildActionMask = 2147483647;
			files = (
			);
			runOnlyForDeploymentPostprocessing = 0;
		};
		43E4AF112D39AC7B00DA1C5C /* Sources */ = {
			isa = PBXSourcesBuildPhase;
			buildActionMask = 2147483647;
			files = (
			);
			runOnlyForDeploymentPostprocessing = 0;
		};
/* End PBXSourcesBuildPhase section */

/* Begin PBXTargetDependency section */
		43E4AF0D2D39AC7B00DA1C5C /* PBXTargetDependency */ = {
			isa = PBXTargetDependency;
			target = 43E4AEFA2D39AC7900DA1C5C /* SwiftVerifierExample */;
			targetProxy = 43E4AF0C2D39AC7B00DA1C5C /* PBXContainerItemProxy */;
		};
		43E4AF172D39AC7B00DA1C5C /* PBXTargetDependency */ = {
			isa = PBXTargetDependency;
			target = 43E4AEFA2D39AC7900DA1C5C /* SwiftVerifierExample */;
			targetProxy = 43E4AF162D39AC7B00DA1C5C /* PBXContainerItemProxy */;
		};
/* End PBXTargetDependency section */

/* Begin XCBuildConfiguration section */
		43E4AF1D2D39AC7B00DA1C5C /* Debug */ = {
			isa = XCBuildConfiguration;
			buildSettings = {
				ALWAYS_SEARCH_USER_PATHS = NO;
				ASSETCATALOG_COMPILER_GENERATE_SWIFT_ASSET_SYMBOL_EXTENSIONS = YES;
				CLANG_ANALYZER_NONNULL = YES;
				CLANG_ANALYZER_NUMBER_OBJECT_CONVERSION = YES_AGGRESSIVE;
				CLANG_CXX_LANGUAGE_STANDARD = "gnu++20";
				CLANG_ENABLE_MODULES = YES;
				CLANG_ENABLE_OBJC_ARC = YES;
				CLANG_ENABLE_OBJC_WEAK = YES;
				CLANG_WARN_BLOCK_CAPTURE_AUTORELEASING = YES;
				CLANG_WARN_BOOL_CONVERSION = YES;
				CLANG_WARN_COMMA = YES;
				CLANG_WARN_CONSTANT_CONVERSION = YES;
				CLANG_WARN_DEPRECATED_OBJC_IMPLEMENTATIONS = YES;
				CLANG_WARN_DIRECT_OBJC_ISA_USAGE = YES_ERROR;
				CLANG_WARN_DOCUMENTATION_COMMENTS = YES;
				CLANG_WARN_EMPTY_BODY = YES;
				CLANG_WARN_ENUM_CONVERSION = YES;
				CLANG_WARN_INFINITE_RECURSION = YES;
				CLANG_WARN_INT_CONVERSION = YES;
				CLANG_WARN_NON_LITERAL_NULL_CONVERSION = YES;
				CLANG_WARN_OBJC_IMPLICIT_RETAIN_SELF = YES;
				CLANG_WARN_OBJC_LITERAL_CONVERSION = YES;
				CLANG_WARN_OBJC_ROOT_CLASS = YES_ERROR;
				CLANG_WARN_QUOTED_INCLUDE_IN_FRAMEWORK_HEADER = YES;
				CLANG_WARN_RANGE_LOOP_ANALYSIS = YES;
				CLANG_WARN_STRICT_PROTOTYPES = YES;
				CLANG_WARN_SUSPICIOUS_MOVE = YES;
				CLANG_WARN_UNGUARDED_AVAILABILITY = YES_AGGRESSIVE;
				CLANG_WARN_UNREACHABLE_CODE = YES;
				CLANG_WARN__DUPLICATE_METHOD_MATCH = YES;
				COPY_PHASE_STRIP = NO;
				DEBUG_INFORMATION_FORMAT = dwarf;
				ENABLE_STRICT_OBJC_MSGSEND = YES;
				ENABLE_TESTABILITY = YES;
				ENABLE_USER_SCRIPT_SANDBOXING = YES;
				GCC_C_LANGUAGE_STANDARD = gnu17;
				GCC_DYNAMIC_NO_PIC = NO;
				GCC_NO_COMMON_BLOCKS = YES;
				GCC_OPTIMIZATION_LEVEL = 0;
				GCC_PREPROCESSOR_DEFINITIONS = (
					"DEBUG=1",
					"$(inherited)",
				);
				GCC_WARN_64_TO_32_BIT_CONVERSION = YES;
				GCC_WARN_ABOUT_RETURN_TYPE = YES_ERROR;
				GCC_WARN_UNDECLARED_SELECTOR = YES;
				GCC_WARN_UNINITIALIZED_AUTOS = YES_AGGRESSIVE;
				GCC_WARN_UNUSED_FUNCTION = YES;
				GCC_WARN_UNUSED_VARIABLE = YES;
				IPHONEOS_DEPLOYMENT_TARGET = 18.2;
				LOCALIZATION_PREFERS_STRING_CATALOGS = YES;
				MTL_ENABLE_DEBUG_INFO = INCLUDE_SOURCE;
				MTL_FAST_MATH = YES;
				ONLY_ACTIVE_ARCH = YES;
				SDKROOT = iphoneos;
				SWIFT_ACTIVE_COMPILATION_CONDITIONS = "DEBUG $(inherited)";
				SWIFT_OPTIMIZATION_LEVEL = "-Onone";
			};
			name = Debug;
		};
		43E4AF1E2D39AC7B00DA1C5C /* Release */ = {
			isa = XCBuildConfiguration;
			buildSettings = {
				ALWAYS_SEARCH_USER_PATHS = NO;
				ASSETCATALOG_COMPILER_GENERATE_SWIFT_ASSET_SYMBOL_EXTENSIONS = YES;
				CLANG_ANALYZER_NONNULL = YES;
				CLANG_ANALYZER_NUMBER_OBJECT_CONVERSION = YES_AGGRESSIVE;
				CLANG_CXX_LANGUAGE_STANDARD = "gnu++20";
				CLANG_ENABLE_MODULES = YES;
				CLANG_ENABLE_OBJC_ARC = YES;
				CLANG_ENABLE_OBJC_WEAK = YES;
				CLANG_WARN_BLOCK_CAPTURE_AUTORELEASING = YES;
				CLANG_WARN_BOOL_CONVERSION = YES;
				CLANG_WARN_COMMA = YES;
				CLANG_WARN_CONSTANT_CONVERSION = YES;
				CLANG_WARN_DEPRECATED_OBJC_IMPLEMENTATIONS = YES;
				CLANG_WARN_DIRECT_OBJC_ISA_USAGE = YES_ERROR;
				CLANG_WARN_DOCUMENTATION_COMMENTS = YES;
				CLANG_WARN_EMPTY_BODY = YES;
				CLANG_WARN_ENUM_CONVERSION = YES;
				CLANG_WARN_INFINITE_RECURSION = YES;
				CLANG_WARN_INT_CONVERSION = YES;
				CLANG_WARN_NON_LITERAL_NULL_CONVERSION = YES;
				CLANG_WARN_OBJC_IMPLICIT_RETAIN_SELF = YES;
				CLANG_WARN_OBJC_LITERAL_CONVERSION = YES;
				CLANG_WARN_OBJC_ROOT_CLASS = YES_ERROR;
				CLANG_WARN_QUOTED_INCLUDE_IN_FRAMEWORK_HEADER = YES;
				CLANG_WARN_RANGE_LOOP_ANALYSIS = YES;
				CLANG_WARN_STRICT_PROTOTYPES = YES;
				CLANG_WARN_SUSPICIOUS_MOVE = YES;
				CLANG_WARN_UNGUARDED_AVAILABILITY = YES_AGGRESSIVE;
				CLANG_WARN_UNREACHABLE_CODE = YES;
				CLANG_WARN__DUPLICATE_METHOD_MATCH = YES;
				COPY_PHASE_STRIP = NO;
				DEBUG_INFORMATION_FORMAT = "dwarf-with-dsym";
				ENABLE_NS_ASSERTIONS = NO;
				ENABLE_STRICT_OBJC_MSGSEND = YES;
				ENABLE_USER_SCRIPT_SANDBOXING = YES;
				GCC_C_LANGUAGE_STANDARD = gnu17;
				GCC_NO_COMMON_BLOCKS = YES;
				GCC_WARN_64_TO_32_BIT_CONVERSION = YES;
				GCC_WARN_ABOUT_RETURN_TYPE = YES_ERROR;
				GCC_WARN_UNDECLARED_SELECTOR = YES;
				GCC_WARN_UNINITIALIZED_AUTOS = YES_AGGRESSIVE;
				GCC_WARN_UNUSED_FUNCTION = YES;
				GCC_WARN_UNUSED_VARIABLE = YES;
				IPHONEOS_DEPLOYMENT_TARGET = 18.2;
				LOCALIZATION_PREFERS_STRING_CATALOGS = YES;
				MTL_ENABLE_DEBUG_INFO = NO;
				MTL_FAST_MATH = YES;
				SDKROOT = iphoneos;
				SWIFT_COMPILATION_MODE = wholemodule;
				VALIDATE_PRODUCT = YES;
			};
			name = Release;
		};
		43E4AF202D39AC7B00DA1C5C /* Debug */ = {
			isa = XCBuildConfiguration;
			buildSettings = {
				ASSETCATALOG_COMPILER_APPICON_NAME = AppIcon;
				ASSETCATALOG_COMPILER_GLOBAL_ACCENT_COLOR_NAME = AccentColor;
				CODE_SIGN_STYLE = Automatic;
				CURRENT_PROJECT_VERSION = 1;
				DEVELOPMENT_ASSET_PATHS = "\"SwiftVerifierExample/Preview Content\"";
				DEVELOPMENT_TEAM = 8KSH668LZT;
				ENABLE_PREVIEWS = YES;
				GENERATE_INFOPLIST_FILE = YES;
				INFOPLIST_FILE = SwiftVerifierExample/Info.plist;
				INFOPLIST_KEY_CFBundleDisplayName = "Tinfoil Verifier";
				INFOPLIST_KEY_UIApplicationSceneManifest_Generation = YES;
				INFOPLIST_KEY_UIApplicationSupportsIndirectInputEvents = YES;
				INFOPLIST_KEY_UILaunchScreen_Generation = YES;
				INFOPLIST_KEY_UISupportedInterfaceOrientations_iPad = "UIInterfaceOrientationPortrait UIInterfaceOrientationPortraitUpsideDown UIInterfaceOrientationLandscapeLeft UIInterfaceOrientationLandscapeRight";
				INFOPLIST_KEY_UISupportedInterfaceOrientations_iPhone = "UIInterfaceOrientationPortrait UIInterfaceOrientationLandscapeLeft UIInterfaceOrientationLandscapeRight";
				IPHONEOS_DEPLOYMENT_TARGET = 17.6;
				LD_RUNPATH_SEARCH_PATHS = (
					"$(inherited)",
					"@executable_path/Frameworks",
				);
				MARKETING_VERSION = 1.1;
				PRODUCT_BUNDLE_IDENTIFIER = sh.tinfoil.SwiftVerifierExample;
				PRODUCT_NAME = "$(TARGET_NAME)";
				SWIFT_EMIT_LOC_STRINGS = YES;
				SWIFT_VERSION = 5.0;
				TARGETED_DEVICE_FAMILY = "1,2";
			};
			name = Debug;
		};
		43E4AF212D39AC7B00DA1C5C /* Release */ = {
			isa = XCBuildConfiguration;
			buildSettings = {
				ASSETCATALOG_COMPILER_APPICON_NAME = AppIcon;
				ASSETCATALOG_COMPILER_GLOBAL_ACCENT_COLOR_NAME = AccentColor;
				CODE_SIGN_STYLE = Automatic;
				CURRENT_PROJECT_VERSION = 1;
				DEVELOPMENT_ASSET_PATHS = "\"SwiftVerifierExample/Preview Content\"";
				DEVELOPMENT_TEAM = 8KSH668LZT;
				ENABLE_PREVIEWS = YES;
				GENERATE_INFOPLIST_FILE = YES;
				INFOPLIST_FILE = SwiftVerifierExample/Info.plist;
				INFOPLIST_KEY_CFBundleDisplayName = "Tinfoil Verifier";
				INFOPLIST_KEY_UIApplicationSceneManifest_Generation = YES;
				INFOPLIST_KEY_UIApplicationSupportsIndirectInputEvents = YES;
				INFOPLIST_KEY_UILaunchScreen_Generation = YES;
				INFOPLIST_KEY_UISupportedInterfaceOrientations_iPad = "UIInterfaceOrientationPortrait UIInterfaceOrientationPortraitUpsideDown UIInterfaceOrientationLandscapeLeft UIInterfaceOrientationLandscapeRight";
				INFOPLIST_KEY_UISupportedInterfaceOrientations_iPhone = "UIInterfaceOrientationPortrait UIInterfaceOrientationLandscapeLeft UIInterfaceOrientationLandscapeRight";
				IPHONEOS_DEPLOYMENT_TARGET = 17.6;
				LD_RUNPATH_SEARCH_PATHS = (
					"$(inherited)",
					"@executable_path/Frameworks",
				);
				MARKETING_VERSION = 1.1;
				PRODUCT_BUNDLE_IDENTIFIER = sh.tinfoil.SwiftVerifierExample;
				PRODUCT_NAME = "$(TARGET_NAME)";
				SWIFT_EMIT_LOC_STRINGS = YES;
				SWIFT_VERSION = 5.0;
				TARGETED_DEVICE_FAMILY = "1,2";
			};
			name = Release;
		};
		43E4AF232D39AC7B00DA1C5C /* Debug */ = {
			isa = XCBuildConfiguration;
			buildSettings = {
				BUNDLE_LOADER = "$(TEST_HOST)";
				CODE_SIGN_IDENTITY = "Apple Development";
				CODE_SIGN_STYLE = Automatic;
				CURRENT_PROJECT_VERSION = 1;
				DEVELOPMENT_TEAM = 8KSH668LZT;
				GENERATE_INFOPLIST_FILE = YES;
				IPHONEOS_DEPLOYMENT_TARGET = 18.2;
				MARKETING_VERSION = 1.0;
				PRODUCT_BUNDLE_IDENTIFIER = sh.tinfoil.SwiftVerifierExampleTests;
				PRODUCT_NAME = "$(TARGET_NAME)";
				PROVISIONING_PROFILE_SPECIFIER = "";
				SWIFT_EMIT_LOC_STRINGS = NO;
				SWIFT_VERSION = 5.0;
				TARGETED_DEVICE_FAMILY = "1,2";
				TEST_HOST = "$(BUILT_PRODUCTS_DIR)/SwiftVerifierExample.app/$(BUNDLE_EXECUTABLE_FOLDER_PATH)/SwiftVerifierExample";
			};
			name = Debug;
		};
		43E4AF242D39AC7B00DA1C5C /* Release */ = {
			isa = XCBuildConfiguration;
			buildSettings = {
				BUNDLE_LOADER = "$(TEST_HOST)";
				CODE_SIGN_IDENTITY = "Apple Development";
				CODE_SIGN_STYLE = Automatic;
				CURRENT_PROJECT_VERSION = 1;
				DEVELOPMENT_TEAM = 8KSH668LZT;
				GENERATE_INFOPLIST_FILE = YES;
				IPHONEOS_DEPLOYMENT_TARGET = 18.2;
				MARKETING_VERSION = 1.0;
				PRODUCT_BUNDLE_IDENTIFIER = sh.tinfoil.SwiftVerifierExampleTests;
				PRODUCT_NAME = "$(TARGET_NAME)";
				PROVISIONING_PROFILE_SPECIFIER = "";
				SWIFT_EMIT_LOC_STRINGS = NO;
				SWIFT_VERSION = 5.0;
				TARGETED_DEVICE_FAMILY = "1,2";
				TEST_HOST = "$(BUILT_PRODUCTS_DIR)/SwiftVerifierExample.app/$(BUNDLE_EXECUTABLE_FOLDER_PATH)/SwiftVerifierExample";
			};
			name = Release;
		};
		43E4AF262D39AC7B00DA1C5C /* Debug */ = {
			isa = XCBuildConfiguration;
			buildSettings = {
				CODE_SIGN_STYLE = Automatic;
				CURRENT_PROJECT_VERSION = 1;
				DEVELOPMENT_TEAM = 8KSH668LZT;
				GENERATE_INFOPLIST_FILE = YES;
				MARKETING_VERSION = 1.0;
				PRODUCT_BUNDLE_IDENTIFIER = sh.tinfoil.SwiftVerifierExampleUITests;
				PRODUCT_NAME = "$(TARGET_NAME)";
				SWIFT_EMIT_LOC_STRINGS = NO;
				SWIFT_VERSION = 5.0;
				TARGETED_DEVICE_FAMILY = "1,2";
				TEST_TARGET_NAME = SwiftVerifierExample;
			};
			name = Debug;
		};
		43E4AF272D39AC7B00DA1C5C /* Release */ = {
			isa = XCBuildConfiguration;
			buildSettings = {
				CODE_SIGN_STYLE = Automatic;
				CURRENT_PROJECT_VERSION = 1;
				DEVELOPMENT_TEAM = 8KSH668LZT;
				GENERATE_INFOPLIST_FILE = YES;
				MARKETING_VERSION = 1.0;
				PRODUCT_BUNDLE_IDENTIFIER = sh.tinfoil.SwiftVerifierExampleUITests;
				PRODUCT_NAME = "$(TARGET_NAME)";
				SWIFT_EMIT_LOC_STRINGS = NO;
				SWIFT_VERSION = 5.0;
				TARGETED_DEVICE_FAMILY = "1,2";
				TEST_TARGET_NAME = SwiftVerifierExample;
			};
			name = Release;
		};
/* End XCBuildConfiguration section */

/* Begin XCConfigurationList section */
		43E4AEF62D39AC7900DA1C5C /* Build configuration list for PBXProject "SwiftVerifierExample" */ = {
			isa = XCConfigurationList;
			buildConfigurations = (
				43E4AF1D2D39AC7B00DA1C5C /* Debug */,
				43E4AF1E2D39AC7B00DA1C5C /* Release */,
			);
			defaultConfigurationIsVisible = 0;
			defaultConfigurationName = Release;
		};
		43E4AF1F2D39AC7B00DA1C5C /* Build configuration list for PBXNativeTarget "SwiftVerifierExample" */ = {
			isa = XCConfigurationList;
			buildConfigurations = (
				43E4AF202D39AC7B00DA1C5C /* Debug */,
				43E4AF212D39AC7B00DA1C5C /* Release */,
			);
			defaultConfigurationIsVisible = 0;
			defaultConfigurationName = Release;
		};
		43E4AF222D39AC7B00DA1C5C /* Build configuration list for PBXNativeTarget "SwiftVerifierExampleTests" */ = {
			isa = XCConfigurationList;
			buildConfigurations = (
				43E4AF232D39AC7B00DA1C5C /* Debug */,
				43E4AF242D39AC7B00DA1C5C /* Release */,
			);
			defaultConfigurationIsVisible = 0;
			defaultConfigurationName = Release;
		};
		43E4AF252D39AC7B00DA1C5C /* Build configuration list for PBXNativeTarget "SwiftVerifierExampleUITests" */ = {
			isa = XCConfigurationList;
			buildConfigurations = (
				43E4AF262D39AC7B00DA1C5C /* Debug */,
				43E4AF272D39AC7B00DA1C5C /* Release */,
			);
			defaultConfigurationIsVisible = 0;
			defaultConfigurationName = Release;
		};
/* End XCConfigurationList section */
	};
	rootObject = 43E4AEF32D39AC7900DA1C5C /* Project object */;
}
